# This file is automatically @generated by Cargo.
# It is not intended for manual editing.
[[package]]
name = "advent_of_code_rs"
version = "2019.12.25"
dependencies = [
 "bytecount 0.6.0 (registry+https://github.com/rust-lang/crates.io-index)",
 "mod_exp 1.0.1 (registry+https://github.com/rust-lang/crates.io-index)",
 "wasm-bindgen 0.2.58 (registry+https://github.com/rust-lang/crates.io-index)",
 "wasm-bindgen-test 0.3.8 (registry+https://github.com/rust-lang/crates.io-index)",
]

[[package]]
name = "anyhow"
version = "1.0.26"
source = "registry+https://github.com/rust-lang/crates.io-index"

[[package]]
name = "autocfg"
version = "1.0.0"
source = "registry+https://github.com/rust-lang/crates.io-index"

[[package]]
name = "bumpalo"
version = "3.2.0"
source = "registry+https://github.com/rust-lang/crates.io-index"

[[package]]
name = "bytecount"
version = "0.6.0"
source = "registry+https://github.com/rust-lang/crates.io-index"

[[package]]
name = "cfg-if"
version = "0.1.10"
source = "registry+https://github.com/rust-lang/crates.io-index"

[[package]]
name = "console_error_panic_hook"
version = "0.1.6"
source = "registry+https://github.com/rust-lang/crates.io-index"
dependencies = [
 "cfg-if 0.1.10 (registry+https://github.com/rust-lang/crates.io-index)",
 "wasm-bindgen 0.2.58 (registry+https://github.com/rust-lang/crates.io-index)",
]

[[package]]
name = "heck"
version = "0.3.1"
source = "registry+https://github.com/rust-lang/crates.io-index"
dependencies = [
 "unicode-segmentation 1.6.0 (registry+https://github.com/rust-lang/crates.io-index)",
]

[[package]]
name = "js-sys"
version = "0.3.35"
source = "registry+https://github.com/rust-lang/crates.io-index"
dependencies = [
 "wasm-bindgen 0.2.58 (registry+https://github.com/rust-lang/crates.io-index)",
]

[[package]]
name = "lazy_static"
version = "1.4.0"
source = "registry+https://github.com/rust-lang/crates.io-index"

[[package]]
name = "log"
version = "0.4.8"
source = "registry+https://github.com/rust-lang/crates.io-index"
dependencies = [
 "cfg-if 0.1.10 (registry+https://github.com/rust-lang/crates.io-index)",
]

[[package]]
name = "memchr"
version = "2.3.3"
source = "registry+https://github.com/rust-lang/crates.io-index"

[[package]]
name = "mod_exp"
version = "1.0.1"
source = "registry+https://github.com/rust-lang/crates.io-index"
dependencies = [
 "num 0.2.1 (registry+https://github.com/rust-lang/crates.io-index)",
]

[[package]]
name = "nom"
version = "4.2.3"
source = "registry+https://github.com/rust-lang/crates.io-index"
dependencies = [
 "memchr 2.3.3 (registry+https://github.com/rust-lang/crates.io-index)",
 "version_check 0.1.5 (registry+https://github.com/rust-lang/crates.io-index)",
]

[[package]]
name = "num"
version = "0.2.1"
source = "registry+https://github.com/rust-lang/crates.io-index"
dependencies = [
 "num-complex 0.2.4 (registry+https://github.com/rust-lang/crates.io-index)",
 "num-integer 0.1.42 (registry+https://github.com/rust-lang/crates.io-index)",
 "num-iter 0.1.40 (registry+https://github.com/rust-lang/crates.io-index)",
 "num-rational 0.2.3 (registry+https://github.com/rust-lang/crates.io-index)",
 "num-traits 0.2.11 (registry+https://github.com/rust-lang/crates.io-index)",
]

[[package]]
name = "num-complex"
version = "0.2.4"
source = "registry+https://github.com/rust-lang/crates.io-index"
dependencies = [
 "autocfg 1.0.0 (registry+https://github.com/rust-lang/crates.io-index)",
 "num-traits 0.2.11 (registry+https://github.com/rust-lang/crates.io-index)",
]

[[package]]
name = "num-integer"
version = "0.1.42"
source = "registry+https://github.com/rust-lang/crates.io-index"
dependencies = [
 "autocfg 1.0.0 (registry+https://github.com/rust-lang/crates.io-index)",
 "num-traits 0.2.11 (registry+https://github.com/rust-lang/crates.io-index)",
]

[[package]]
name = "num-iter"
version = "0.1.40"
source = "registry+https://github.com/rust-lang/crates.io-index"
dependencies = [
 "autocfg 1.0.0 (registry+https://github.com/rust-lang/crates.io-index)",
 "num-integer 0.1.42 (registry+https://github.com/rust-lang/crates.io-index)",
 "num-traits 0.2.11 (registry+https://github.com/rust-lang/crates.io-index)",
]

[[package]]
name = "num-rational"
version = "0.2.3"
source = "registry+https://github.com/rust-lang/crates.io-index"
dependencies = [
 "autocfg 1.0.0 (registry+https://github.com/rust-lang/crates.io-index)",
 "num-integer 0.1.42 (registry+https://github.com/rust-lang/crates.io-index)",
 "num-traits 0.2.11 (registry+https://github.com/rust-lang/crates.io-index)",
]

[[package]]
name = "num-traits"
version = "0.2.11"
source = "registry+https://github.com/rust-lang/crates.io-index"
dependencies = [
 "autocfg 1.0.0 (registry+https://github.com/rust-lang/crates.io-index)",
]

[[package]]
name = "proc-macro2"
version = "1.0.9"
source = "registry+https://github.com/rust-lang/crates.io-index"
dependencies = [
 "unicode-xid 0.2.0 (registry+https://github.com/rust-lang/crates.io-index)",
]

[[package]]
name = "quote"
version = "1.0.2"
source = "registry+https://github.com/rust-lang/crates.io-index"
dependencies = [
 "proc-macro2 1.0.9 (registry+https://github.com/rust-lang/crates.io-index)",
]

[[package]]
name = "scoped-tls"
version = "1.0.0"
source = "registry+https://github.com/rust-lang/crates.io-index"

[[package]]
name = "sourcefile"
version = "0.1.4"
source = "registry+https://github.com/rust-lang/crates.io-index"

[[package]]
name = "syn"
version = "1.0.16"
source = "registry+https://github.com/rust-lang/crates.io-index"
dependencies = [
 "proc-macro2 1.0.9 (registry+https://github.com/rust-lang/crates.io-index)",
 "quote 1.0.2 (registry+https://github.com/rust-lang/crates.io-index)",
 "unicode-xid 0.2.0 (registry+https://github.com/rust-lang/crates.io-index)",
]

[[package]]
name = "unicode-segmentation"
version = "1.6.0"
source = "registry+https://github.com/rust-lang/crates.io-index"

[[package]]
name = "unicode-xid"
version = "0.2.0"
source = "registry+https://github.com/rust-lang/crates.io-index"

[[package]]
name = "version_check"
version = "0.1.5"
source = "registry+https://github.com/rust-lang/crates.io-index"

[[package]]
name = "wasm-bindgen"
version = "0.2.58"
source = "registry+https://github.com/rust-lang/crates.io-index"
dependencies = [
 "cfg-if 0.1.10 (registry+https://github.com/rust-lang/crates.io-index)",
 "wasm-bindgen-macro 0.2.58 (registry+https://github.com/rust-lang/crates.io-index)",
]

[[package]]
name = "wasm-bindgen-backend"
version = "0.2.58"
source = "registry+https://github.com/rust-lang/crates.io-index"
dependencies = [
 "bumpalo 3.2.0 (registry+https://github.com/rust-lang/crates.io-index)",
 "lazy_static 1.4.0 (registry+https://github.com/rust-lang/crates.io-index)",
 "log 0.4.8 (registry+https://github.com/rust-lang/crates.io-index)",
 "proc-macro2 1.0.9 (registry+https://github.com/rust-lang/crates.io-index)",
 "quote 1.0.2 (registry+https://github.com/rust-lang/crates.io-index)",
 "syn 1.0.16 (registry+https://github.com/rust-lang/crates.io-index)",
 "wasm-bindgen-shared 0.2.58 (registry+https://github.com/rust-lang/crates.io-index)",
]

[[package]]
name = "wasm-bindgen-futures"
version = "0.4.8"
source = "registry+https://github.com/rust-lang/crates.io-index"
dependencies = [
 "cfg-if 0.1.10 (registry+https://github.com/rust-lang/crates.io-index)",
 "js-sys 0.3.35 (registry+https://github.com/rust-lang/crates.io-index)",
 "wasm-bindgen 0.2.58 (registry+https://github.com/rust-lang/crates.io-index)",
 "web-sys 0.3.35 (registry+https://github.com/rust-lang/crates.io-index)",
]

[[package]]
name = "wasm-bindgen-macro"
version = "0.2.58"
source = "registry+https://github.com/rust-lang/crates.io-index"
dependencies = [
 "quote 1.0.2 (registry+https://github.com/rust-lang/crates.io-index)",
 "wasm-bindgen-macro-support 0.2.58 (registry+https://github.com/rust-lang/crates.io-index)",
]

[[package]]
name = "wasm-bindgen-macro-support"
version = "0.2.58"
source = "registry+https://github.com/rust-lang/crates.io-index"
dependencies = [
 "proc-macro2 1.0.9 (registry+https://github.com/rust-lang/crates.io-index)",
 "quote 1.0.2 (registry+https://github.com/rust-lang/crates.io-index)",
 "syn 1.0.16 (registry+https://github.com/rust-lang/crates.io-index)",
 "wasm-bindgen-backend 0.2.58 (registry+https://github.com/rust-lang/crates.io-index)",
 "wasm-bindgen-shared 0.2.58 (registry+https://github.com/rust-lang/crates.io-index)",
]

[[package]]
name = "wasm-bindgen-shared"
version = "0.2.58"
source = "registry+https://github.com/rust-lang/crates.io-index"

[[package]]
name = "wasm-bindgen-test"
version = "0.3.8"
source = "registry+https://github.com/rust-lang/crates.io-index"
dependencies = [
 "console_error_panic_hook 0.1.6 (registry+https://github.com/rust-lang/crates.io-index)",
 "js-sys 0.3.35 (registry+https://github.com/rust-lang/crates.io-index)",
 "scoped-tls 1.0.0 (registry+https://github.com/rust-lang/crates.io-index)",
 "wasm-bindgen 0.2.58 (registry+https://github.com/rust-lang/crates.io-index)",
 "wasm-bindgen-futures 0.4.8 (registry+https://github.com/rust-lang/crates.io-index)",
 "wasm-bindgen-test-macro 0.3.8 (registry+https://github.com/rust-lang/crates.io-index)",
]

[[package]]
name = "wasm-bindgen-test-macro"
version = "0.3.8"
source = "registry+https://github.com/rust-lang/crates.io-index"
dependencies = [
 "proc-macro2 1.0.9 (registry+https://github.com/rust-lang/crates.io-index)",
 "quote 1.0.2 (registry+https://github.com/rust-lang/crates.io-index)",
]

[[package]]
name = "wasm-bindgen-webidl"
version = "0.2.58"
source = "registry+https://github.com/rust-lang/crates.io-index"
dependencies = [
 "anyhow 1.0.26 (registry+https://github.com/rust-lang/crates.io-index)",
 "heck 0.3.1 (registry+https://github.com/rust-lang/crates.io-index)",
 "log 0.4.8 (registry+https://github.com/rust-lang/crates.io-index)",
 "proc-macro2 1.0.9 (registry+https://github.com/rust-lang/crates.io-index)",
 "quote 1.0.2 (registry+https://github.com/rust-lang/crates.io-index)",
 "syn 1.0.16 (registry+https://github.com/rust-lang/crates.io-index)",
 "wasm-bindgen-backend 0.2.58 (registry+https://github.com/rust-lang/crates.io-index)",
 "weedle 0.10.0 (registry+https://github.com/rust-lang/crates.io-index)",
]

[[package]]
name = "web-sys"
version = "0.3.35"
source = "registry+https://github.com/rust-lang/crates.io-index"
dependencies = [
 "anyhow 1.0.26 (registry+https://github.com/rust-lang/crates.io-index)",
 "js-sys 0.3.35 (registry+https://github.com/rust-lang/crates.io-index)",
 "sourcefile 0.1.4 (registry+https://github.com/rust-lang/crates.io-index)",
 "wasm-bindgen 0.2.58 (registry+https://github.com/rust-lang/crates.io-index)",
 "wasm-bindgen-webidl 0.2.58 (registry+https://github.com/rust-lang/crates.io-index)",
]

[[package]]
name = "weedle"
version = "0.10.0"
source = "registry+https://github.com/rust-lang/crates.io-index"
dependencies = [
 "nom 4.2.3 (registry+https://github.com/rust-lang/crates.io-index)",
]

[metadata]
"checksum anyhow 1.0.26 (registry+https://github.com/rust-lang/crates.io-index)" = "7825f6833612eb2414095684fcf6c635becf3ce97fe48cf6421321e93bfbd53c"
"checksum autocfg 1.0.0 (registry+https://github.com/rust-lang/crates.io-index)" = "f8aac770f1885fd7e387acedd76065302551364496e46b3dd00860b2f8359b9d"
"checksum bumpalo 3.2.0 (registry+https://github.com/rust-lang/crates.io-index)" = "1f359dc14ff8911330a51ef78022d376f25ed00248912803b58f00cb1c27f742"
"checksum bytecount 0.6.0 (registry+https://github.com/rust-lang/crates.io-index)" = "b0017894339f586ccb943b01b9555de56770c11cda818e7e3d8bd93f4ed7f46e"
"checksum cfg-if 0.1.10 (registry+https://github.com/rust-lang/crates.io-index)" = "4785bdd1c96b2a846b2bd7cc02e86b6b3dbf14e7e53446c4f54c92a361040822"
"checksum console_error_panic_hook 0.1.6 (registry+https://github.com/rust-lang/crates.io-index)" = "b8d976903543e0c48546a91908f21588a680a8c8f984df9a5d69feccb2b2a211"
"checksum heck 0.3.1 (registry+https://github.com/rust-lang/crates.io-index)" = "20564e78d53d2bb135c343b3f47714a56af2061f1c928fdb541dc7b9fdd94205"
"checksum js-sys 0.3.35 (registry+https://github.com/rust-lang/crates.io-index)" = "7889c7c36282151f6bf465be4700359318aef36baa951462382eae49e9577cf9"
"checksum lazy_static 1.4.0 (registry+https://github.com/rust-lang/crates.io-index)" = "e2abad23fbc42b3700f2f279844dc832adb2b2eb069b2df918f455c4e18cc646"
"checksum log 0.4.8 (registry+https://github.com/rust-lang/crates.io-index)" = "14b6052be84e6b71ab17edffc2eeabf5c2c3ae1fdb464aae35ac50c67a44e1f7"
"checksum memchr 2.3.3 (registry+https://github.com/rust-lang/crates.io-index)" = "3728d817d99e5ac407411fa471ff9800a778d88a24685968b36824eaf4bee400"
"checksum mod_exp 1.0.1 (registry+https://github.com/rust-lang/crates.io-index)" = "bb4a3fad6af79fcf8d1417b2f6359d814a173fb413a1bd48ba04208b42b0d8b0"
"checksum nom 4.2.3 (registry+https://github.com/rust-lang/crates.io-index)" = "2ad2a91a8e869eeb30b9cb3119ae87773a8f4ae617f41b1eb9c154b2905f7bd6"
"checksum num 0.2.1 (registry+https://github.com/rust-lang/crates.io-index)" = "b8536030f9fea7127f841b45bb6243b27255787fb4eb83958aa1ef9d2fdc0c36"
"checksum num-complex 0.2.4 (registry+https://github.com/rust-lang/crates.io-index)" = "b6b19411a9719e753aff12e5187b74d60d3dc449ec3f4dc21e3989c3f554bc95"
"checksum num-integer 0.1.42 (registry+https://github.com/rust-lang/crates.io-index)" = "3f6ea62e9d81a77cd3ee9a2a5b9b609447857f3d358704331e4ef39eb247fcba"
"checksum num-iter 0.1.40 (registry+https://github.com/rust-lang/crates.io-index)" = "dfb0800a0291891dd9f4fe7bd9c19384f98f7fbe0cd0f39a2c6b88b9868bbc00"
"checksum num-rational 0.2.3 (registry+https://github.com/rust-lang/crates.io-index)" = "da4dc79f9e6c81bef96148c8f6b8e72ad4541caa4a24373e900a36da07de03a3"
"checksum num-traits 0.2.11 (registry+https://github.com/rust-lang/crates.io-index)" = "c62be47e61d1842b9170f0fdeec8eba98e60e90e5446449a0545e5152acd7096"
"checksum proc-macro2 1.0.9 (registry+https://github.com/rust-lang/crates.io-index)" = "6c09721c6781493a2a492a96b5a5bf19b65917fe6728884e7c44dd0c60ca3435"
"checksum quote 1.0.2 (registry+https://github.com/rust-lang/crates.io-index)" = "053a8c8bcc71fcce321828dc897a98ab9760bef03a4fc36693c231e5b3216cfe"
"checksum scoped-tls 1.0.0 (registry+https://github.com/rust-lang/crates.io-index)" = "ea6a9290e3c9cf0f18145ef7ffa62d68ee0bf5fcd651017e586dc7fd5da448c2"
"checksum sourcefile 0.1.4 (registry+https://github.com/rust-lang/crates.io-index)" = "4bf77cb82ba8453b42b6ae1d692e4cdc92f9a47beaf89a847c8be83f4e328ad3"
"checksum syn 1.0.16 (registry+https://github.com/rust-lang/crates.io-index)" = "123bd9499cfb380418d509322d7a6d52e5315f064fe4b3ad18a53d6b92c07859"
"checksum unicode-segmentation 1.6.0 (registry+https://github.com/rust-lang/crates.io-index)" = "e83e153d1053cbb5a118eeff7fd5be06ed99153f00dbcd8ae310c5fb2b22edc0"
"checksum unicode-xid 0.2.0 (registry+https://github.com/rust-lang/crates.io-index)" = "826e7639553986605ec5979c7dd957c7895e93eabed50ab2ffa7f6128a75097c"
"checksum version_check 0.1.5 (registry+https://github.com/rust-lang/crates.io-index)" = "914b1a6776c4c929a602fafd8bc742e06365d4bcbe48c30f9cca5824f70dc9dd"
"checksum wasm-bindgen 0.2.58 (registry+https://github.com/rust-lang/crates.io-index)" = "5205e9afdf42282b192e2310a5b463a6d1c1d774e30dc3c791ac37ab42d2616c"
"checksum wasm-bindgen-backend 0.2.58 (registry+https://github.com/rust-lang/crates.io-index)" = "11cdb95816290b525b32587d76419facd99662a07e59d3cdb560488a819d9a45"
"checksum wasm-bindgen-futures 0.4.8 (registry+https://github.com/rust-lang/crates.io-index)" = "8bbdd49e3e28b40dec6a9ba8d17798245ce32b019513a845369c641b275135d9"
"checksum wasm-bindgen-macro 0.2.58 (registry+https://github.com/rust-lang/crates.io-index)" = "574094772ce6921576fb6f2e3f7497b8a76273b6db092be18fc48a082de09dc3"
"checksum wasm-bindgen-macro-support 0.2.58 (registry+https://github.com/rust-lang/crates.io-index)" = "e85031354f25eaebe78bb7db1c3d86140312a911a106b2e29f9cc440ce3e7668"
"checksum wasm-bindgen-shared 0.2.58 (registry+https://github.com/rust-lang/crates.io-index)" = "f5e7e61fc929f4c0dddb748b102ebf9f632e2b8d739f2016542b4de2965a9601"
"checksum wasm-bindgen-test 0.3.8 (registry+https://github.com/rust-lang/crates.io-index)" = "98fd0ec352c44d1726b6c2bec524612b1c81e34a7d858f597a6c71f8e018c82e"
"checksum wasm-bindgen-test-macro 0.3.8 (registry+https://github.com/rust-lang/crates.io-index)" = "97837a6e83ab24a4b3a38d44a257e13335b54f4b4548b2c9d71edd0bf570cb4f"
"checksum wasm-bindgen-webidl 0.2.58 (registry+https://github.com/rust-lang/crates.io-index)" = "ef012a0d93fc0432df126a8eaf547b2dce25a8ce9212e1d3cbeef5c11157975d"
"checksum web-sys 0.3.35 (registry+https://github.com/rust-lang/crates.io-index)" = "aaf97caf6aa8c2b1dac90faf0db529d9d63c93846cca4911856f78a83cebf53b"
"checksum weedle 0.10.0 (registry+https://github.com/rust-lang/crates.io-index)" = "3bb43f70885151e629e2a19ce9e50bd730fd436cfd4b666894c9ce4de9141164"
